{
  "requires": true,
  "lockfileVersion": 1,
  "dependencies": {
    "hoist-non-react-statics": {
      "version": "1.2.0",
      "resolved": "https://registry.npmjs.org/hoist-non-react-statics/-/hoist-non-react-statics-1.2.0.tgz",
      "integrity": "sha1-qkSM8JhtVcxAdzsXF0t90GbLfPs="
    },
    "lodash": {
      "version": "4.17.10",
      "resolved": "https://registry.npmjs.org/lodash/-/lodash-4.17.10.tgz",
      "integrity": "sha512-UejweD1pDoXu+AD825lWwp4ZGtSwgnpZxb3JDViD7StjQz+Nb/6l093lx4OQ0foGWNRoc19mWy7BzL+UAK2iVg=="
    },
    "react-native-offline": {
      "version": "3.11.0",
      "resolved": "https://registry.npmjs.org/react-native-offline/-/react-native-offline-3.11.0.tgz",
      "integrity": "sha512-VC62+l+JxmOs78r75sVT41aITNPQvXyBDgdTP2rJ9GWiyaczX/XObuXxyT9YMfFlUflN/aUWbmexgFVJOanC9A==",
      "requires": {
        "hoist-non-react-statics": "^1.2.0",
        "lodash": "^4.17.4"
      }
    }
  }
}
